
Microsoft Visual Studio Solution File, Format Version 12.00
# Visual Studio Version 17
VisualStudioVersion = 17.5.33627.172
MinimumVisualStudioVersion = 10.0.40219.1
Project("{FAE04EC0-301F-11D3-BF4B-00C04F79EFBC}") = "DriveInfo Prak", "DriveInfo Prak\DriveInfo Prak.csproj", "{12782584-37A3-4F85-82D4-E3D35A3AACAD}"
EndProject
Global
	GlobalSection(SolutionConfigurationPlatforms) = preSolution
		Debug|Any CPU = Debug|Any CPU
		Release|Any CPU = Release|Any CPU
	EndGlobalSection
	GlobalSection(ProjectConfigurationPlatforms) = postSolution
		{12782584-37A3-4F85-82D4-E3D35A3AACAD}.Debug|Any CPU.ActiveCfg = Debug|Any CPU
		{12782584-37A3-4F85-82D4-E3D35A3AACAD}.Debug|Any CPU.Build.0 = Debug|Any CPU
		{12782584-37A3-4F85-82D4-E3D35A3AACAD}.Release|Any CPU.ActiveCfg = Release|Any CPU
		{12782584-37A3-4F85-82D4-E3D35A3AACAD}.Release|Any CPU.Build.0 = Release|Any CPU
	EndGlobalSection
	GlobalSection(SolutionProperties) = preSolution
		HideSolutionNode = FALSE
	EndGlobalSection
	GlobalSection(ExtensibilityGlobals) = postSolution
		SolutionGuid = {F8FE2681-3F24-469B-AF4E-9576F008CFFE}
	EndGlobalSection
EndGlobal
