
Microsoft Visual Studio Solution File, Format Version 12.00
# Visual Studio Version 17
VisualStudioVersion = 17.3.32922.545
MinimumVisualStudioVersion = 10.0.40219.1
Project("{FAE04EC0-301F-11D3-BF4B-00C04F79EFBC}") = "NumberGenerator", "NumberGenerator\NumberGenerator.csproj", "{3C209E9B-58C6-43A9-AC77-687D60D69A2D}"
EndProject
Global
	GlobalSection(SolutionConfigurationPlatforms) = preSolution
		Debug|Any CPU = Debug|Any CPU
		Release|Any CPU = Release|Any CPU
	EndGlobalSection
	GlobalSection(ProjectConfigurationPlatforms) = postSolution
		{3C209E9B-58C6-43A9-AC77-687D60D69A2D}.Debug|Any CPU.ActiveCfg = Debug|Any CPU
		{3C209E9B-58C6-43A9-AC77-687D60D69A2D}.Debug|Any CPU.Build.0 = Debug|Any CPU
		{3C209E9B-58C6-43A9-AC77-687D60D69A2D}.Release|Any CPU.ActiveCfg = Release|Any CPU
		{3C209E9B-58C6-43A9-AC77-687D60D69A2D}.Release|Any CPU.Build.0 = Release|Any CPU
	EndGlobalSection
	GlobalSection(SolutionProperties) = preSolution
		HideSolutionNode = FALSE
	EndGlobalSection
	GlobalSection(ExtensibilityGlobals) = postSolution
		SolutionGuid = {6A46022D-98BB-4DED-8133-8A4538F3B431}
	EndGlobalSection
EndGlobal
